
Microsoft Visual Studio Solution File, Format Version 12.00
# Visual Studio Version 16
VisualStudioVersion = 16.0.31613.86
MinimumVisualStudioVersion = 10.0.40219.1
Project("{FAE04EC0-301F-11D3-BF4B-00C04F79EFBC}") = "WebUI", "Web-Template\WebUI.csproj", "{F27798A9-D081-4346-8B3E-B865C7B915D2}"
EndProject
Project("{FAE04EC0-301F-11D3-BF4B-00C04F79EFBC}") = "AppModel", "AppModel\AppModel.csproj", "{460A354C-5167-45D8-8BF5-EE9910C4AE46}"
EndProject
Project("{FAE04EC0-301F-11D3-BF4B-00C04F79EFBC}") = "AppData", "AppData\AppData.csproj", "{3D162A53-55B3-4F3A-A9AC-6F97B462B61F}"
EndProject
Global
	GlobalSection(SolutionConfigurationPlatforms) = preSolution
		Debug|Any CPU = Debug|Any CPU
		Release|Any CPU = Release|Any CPU
	EndGlobalSection
	GlobalSection(ProjectConfigurationPlatforms) = postSolution
		{F27798A9-D081-4346-8B3E-B865C7B915D2}.Debug|Any CPU.ActiveCfg = Debug|Any CPU
		{F27798A9-D081-4346-8B3E-B865C7B915D2}.Debug|Any CPU.Build.0 = Debug|Any CPU
		{F27798A9-D081-4346-8B3E-B865C7B915D2}.Release|Any CPU.ActiveCfg = Release|Any CPU
		{F27798A9-D081-4346-8B3E-B865C7B915D2}.Release|Any CPU.Build.0 = Release|Any CPU
		{460A354C-5167-45D8-8BF5-EE9910C4AE46}.Debug|Any CPU.ActiveCfg = Debug|Any CPU
		{460A354C-5167-45D8-8BF5-EE9910C4AE46}.Debug|Any CPU.Build.0 = Debug|Any CPU
		{460A354C-5167-45D8-8BF5-EE9910C4AE46}.Release|Any CPU.ActiveCfg = Release|Any CPU
		{460A354C-5167-45D8-8BF5-EE9910C4AE46}.Release|Any CPU.Build.0 = Release|Any CPU
		{3D162A53-55B3-4F3A-A9AC-6F97B462B61F}.Debug|Any CPU.ActiveCfg = Debug|Any CPU
		{3D162A53-55B3-4F3A-A9AC-6F97B462B61F}.Debug|Any CPU.Build.0 = Debug|Any CPU
		{3D162A53-55B3-4F3A-A9AC-6F97B462B61F}.Release|Any CPU.ActiveCfg = Release|Any CPU
		{3D162A53-55B3-4F3A-A9AC-6F97B462B61F}.Release|Any CPU.Build.0 = Release|Any CPU
	EndGlobalSection
	GlobalSection(SolutionProperties) = preSolution
		HideSolutionNode = FALSE
	EndGlobalSection
	GlobalSection(ExtensibilityGlobals) = postSolution
		SolutionGuid = {9FEDA1B9-0B53-442C-B4F9-AA719EA59D69}
	EndGlobalSection
EndGlobal
